
Microsoft Visual Studio Solution File, Format Version 12.00
# Visual Studio 15
VisualStudioVersion = 15.0.27130.2027
MinimumVisualStudioVersion = 10.0.40219.1
Project("{FAE04EC0-301F-11D3-BF4B-00C04F79EFBC}") = "BookClub", "BookClub\BookClub.csproj", "{86886290-B2BA-4248-AEB6-071EA746DD44}"
EndProject
Project("{FAE04EC0-301F-11D3-BF4B-00C04F79EFBC}") = "BookClub.Tests", "BookClub.Tests\BookClub.Tests.csproj", "{334E482E-6683-4494-8D3C-34F99FF8BDBC}"
EndProject
Global
	GlobalSection(SolutionConfigurationPlatforms) = preSolution
		Debug|Any CPU = Debug|Any CPU
		Release|Any CPU = Release|Any CPU
	EndGlobalSection
	GlobalSection(ProjectConfigurationPlatforms) = postSolution
		{86886290-B2BA-4248-AEB6-071EA746DD44}.Debug|Any CPU.ActiveCfg = Debug|Any CPU
		{86886290-B2BA-4248-AEB6-071EA746DD44}.Debug|Any CPU.Build.0 = Debug|Any CPU
		{86886290-B2BA-4248-AEB6-071EA746DD44}.Release|Any CPU.ActiveCfg = Release|Any CPU
		{86886290-B2BA-4248-AEB6-071EA746DD44}.Release|Any CPU.Build.0 = Release|Any CPU
		{334E482E-6683-4494-8D3C-34F99FF8BDBC}.Debug|Any CPU.ActiveCfg = Debug|Any CPU
		{334E482E-6683-4494-8D3C-34F99FF8BDBC}.Debug|Any CPU.Build.0 = Debug|Any CPU
		{334E482E-6683-4494-8D3C-34F99FF8BDBC}.Release|Any CPU.ActiveCfg = Release|Any CPU
		{334E482E-6683-4494-8D3C-34F99FF8BDBC}.Release|Any CPU.Build.0 = Release|Any CPU
	EndGlobalSection
	GlobalSection(SolutionProperties) = preSolution
		HideSolutionNode = FALSE
	EndGlobalSection
	GlobalSection(ExtensibilityGlobals) = postSolution
		SolutionGuid = {2D0C6EBD-1548-450B-A39C-D0DEE7B4DDF5}
	EndGlobalSection
EndGlobal
